{
  "name": "@hundh/contao-filter-choice-range-bundle",
  "version": "1.0.0",
  "lockfileVersion": 1,
  "requires": true,
  "dependencies": {
    "@hundh/contao-filter-choice-range-bundle": {
      "version": "1.0.2",
      "resolved": "https://registry.npmjs.org/@hundh/contao-filter-choice-range-bundle/-/contao-filter-choice-range-bundle-1.0.2.tgz",
      "integrity": "sha512-6eSOSuLWmjaOB3ogXI8yV2ZkZDhBslxJ2Kdy+ZC1XNz01jKFp6+0e4ZI71MAbel8W4EXJsA7gUtDjwNLQk9V4w=="
    },
    "nouislider": {
      "version": "13.1.5",
      "resolved": "https://registry.npmjs.org/nouislider/-/nouislider-13.1.5.tgz",
      "integrity": "sha512-RZMuNW1Z4PcxC5q7wUKbr5EweCEnEUii3f2XtjS38VWcG5QjN11zvveRld+lrUwHIOKgfRWeIddZm5Xxfr7zCQ=="
    }
  }
}
